// !$*UTF8*$!
{
	archiveVersion = 1;
	classes = {
	};
	objectVersion = 55;
	objects = {

/* Begin PBXBuildFile section */
		691DDE5827C1CC4900040BD6 /* kazu1.png in Resources */ = {isa = PBXBuildFile; fileRef = 691DDE5727C1CC4900040BD6 /* kazu1.png */; };
		69A6E66B27BBF060009059CE /* AppDelegate.swift in Sources */ = {isa = PBXBuildFile; fileRef = 69A6E66A27BBF060009059CE /* AppDelegate.swift */; };
		69A6E66D27BBF060009059CE /* SceneDelegate.swift in Sources */ = {isa = PBXBuildFile; fileRef = 69A6E66C27BBF060009059CE /* SceneDelegate.swift */; };
		69A6E66F27BBF060009059CE /* ViewController.swift in Sources */ = {isa = PBXBuildFile; fileRef = 69A6E66E27BBF060009059CE /* ViewController.swift */; };
		69A6E67227BBF060009059CE /* Main.storyboard in Resources */ = {isa = PBXBuildFile; fileRef = 69A6E67027BBF060009059CE /* Main.storyboard */; };
		69A6E67427BBF062009059CE /* Assets.xcassets in Resources */ = {isa = PBXBuildFile; fileRef = 69A6E67327BBF062009059CE /* Assets.xcassets */; };
		69A6E67727BBF062009059CE /* LaunchScreen.storyboard in Resources */ = {isa = PBXBuildFile; fileRef = 69A6E67527BBF062009059CE /* LaunchScreen.storyboard */; };
		69A6E67F27BBF08B009059CE /* SendViewController.swift in Sources */ = {isa = PBXBuildFile; fileRef = 69A6E67E27BBF08B009059CE /* SendViewController.swift */; };
		69A6E68127BC64AA009059CE /* ReceiveViewController.swift in Sources */ = {isa = PBXBuildFile; fileRef = 69A6E68027BC64AA009059CE /* ReceiveViewController.swift */; };
/* End PBXBuildFile section */

/* Begin PBXFileReference section */
		691DDE5727C1CC4900040BD6 /* kazu1.png */ = {isa = PBXFileReference; lastKnownFileType = image.png; path = kazu1.png; sourceTree = "<group>"; };
		69A6E66727BBF060009059CE /* ipHIT.app */ = {isa = PBXFileReference; explicitFileType = wrapper.application; includeInIndex = 0; path = ipHIT.app; sourceTree = BUILT_PRODUCTS_DIR; };
		69A6E66A27BBF060009059CE /* AppDelegate.swift */ = {isa = PBXFileReference; lastKnownFileType = sourcecode.swift; path = AppDelegate.swift; sourceTree = "<group>"; };
		69A6E66C27BBF060009059CE /* SceneDelegate.swift */ = {isa = PBXFileReference; lastKnownFileType = sourcecode.swift; path = SceneDelegate.swift; sourceTree = "<group>"; };
		69A6E66E27BBF060009059CE /* ViewController.swift */ = {isa = PBXFileReference; lastKnownFileType = sourcecode.swift; path = ViewController.swift; sourceTree = "<group>"; };
		69A6E67127BBF060009059CE /* Base */ = {isa = PBXFileReference; lastKnownFileType = file.storyboard; name = Base; path = Base.lproj/Main.storyboard; sourceTree = "<group>"; };
		69A6E67327BBF062009059CE /* Assets.xcassets */ = {isa = PBXFileReference; lastKnownFileType = folder.assetcatalog; path = Assets.xcassets; sourceTree = "<group>"; };
		69A6E67627BBF062009059CE /* Base */ = {isa = PBXFileReference; lastKnownFileType = file.storyboard; name = Base; path = Base.lproj/LaunchScreen.storyboard; sourceTree = "<group>"; };
		69A6E67827BBF062009059CE /* Info.plist */ = {isa = PBXFileReference; lastKnownFileType = text.plist.xml; path = Info.plist; sourceTree = "<group>"; };
		69A6E67E27BBF08B009059CE /* SendViewController.swift */ = {isa = PBXFileReference; lastKnownFileType = sourcecode.swift; path = SendViewController.swift; sourceTree = "<group>"; };
		69A6E68027BC64AA009059CE /* ReceiveViewController.swift */ = {isa = PBXFileReference; lastKnownFileType = sourcecode.swift; path = ReceiveViewController.swift; sourceTree = "<group>"; };
/* End PBXFileReference section */

/* Begin PBXFrameworksBuildPhase section */
		69A6E66427BBF060009059CE /* Frameworks */ = {
			isa = PBXFrameworksBuildPhase;
			buildActionMask = 2147483647;
			files = (
			);
			runOnlyForDeploymentPostprocessing = 0;
		};
/* End PBXFrameworksBuildPhase section */

/* Begin PBXGroup section */
		69A6E65E27BBF060009059CE = {
			isa = PBXGroup;
			children = (
				69A6E66927BBF060009059CE /* ipHIT */,
				69A6E66827BBF060009059CE /* Products */,
			);
			sourceTree = "<group>";
		};
		69A6E66827BBF060009059CE /* Products */ = {
			isa = PBXGroup;
			children = (
				69A6E66727BBF060009059CE /* ipHIT.app */,
			);
			name = Products;
			sourceTree = "<group>";
		};
		69A6E66927BBF060009059CE /* ipHIT */ = {
			isa = PBXGroup;
			children = (
				69A6E67E27BBF08B009059CE /* SendViewController.swift */,
				691DDE5727C1CC4900040BD6 /* kazu1.png */,
				69A6E66A27BBF060009059CE /* AppDelegate.swift */,
				69A6E66C27BBF060009059CE /* SceneDelegate.swift */,
				69A6E66E27BBF060009059CE /* ViewController.swift */,
				69A6E67027BBF060009059CE /* Main.storyboard */,
				69A6E68027BC64AA009059CE /* ReceiveViewController.swift */,
				69A6E67327BBF062009059CE /* Assets.xcassets */,
				69A6E67527BBF062009059CE /* LaunchScreen.storyboard */,
				69A6E67827BBF062009059CE /* Info.plist */,
			);
			path = ipHIT;
			sourceTree = "<group>";
		};
/* End PBXGroup section */

/* Begin PBXNativeTarget section */
		69A6E66627BBF060009059CE /* ipHIT */ = {
			isa = PBXNativeTarget;
			buildConfigurationList = 69A6E67B27BBF062009059CE /* Build configuration list for PBXNativeTarget "ipHIT" */;
			buildPhases = (
				69A6E66327BBF060009059CE /* Sources */,
				69A6E66427BBF060009059CE /* Frameworks */,
				69A6E66527BBF060009059CE /* Resources */,
			);
			buildRules = (
			);
			dependencies = (
			);
			name = ipHIT;
			productName = ipHIT;
			productReference = 69A6E66727BBF060009059CE /* ipHIT.app */;
			productType = "com.apple.product-type.application";
		};
/* End PBXNativeTarget section */

/* Begin PBXProject section */
		69A6E65F27BBF060009059CE /* Project object */ = {
			isa = PBXProject;
			attributes = {
				BuildIndependentTargetsInParallel = 1;
				LastSwiftUpdateCheck = 1320;
				LastUpgradeCheck = 1320;
				TargetAttributes = {
					69A6E66627BBF060009059CE = {
						CreatedOnToolsVersion = 13.2.1;
					};
				};
			};
			buildConfigurationList = 69A6E66227BBF060009059CE /* Build configuration list for PBXProject "ipHIT" */;
			compatibilityVersion = "Xcode 13.0";
			developmentRegion = en;
			hasScannedForEncodings = 0;
			knownRegions = (
				en,
				Base,
			);
			mainGroup = 69A6E65E27BBF060009059CE;
			productRefGroup = 69A6E66827BBF060009059CE /* Products */;
			projectDirPath = "";
			projectRoot = "";
			targets = (
				69A6E66627BBF060009059CE /* ipHIT */,
			);
		};
/* End PBXProject section */

/* Begin PBXResourcesBuildPhase section */
		69A6E66527BBF060009059CE /* Resources */ = {
			isa = PBXResourcesBuildPhase;
			buildActionMask = 2147483647;
			files = (
				691DDE5827C1CC4900040BD6 /* kazu1.png in Resources */,
				69A6E67727BBF062009059CE /* LaunchScreen.storyboard in Resources */,
				69A6E67427BBF062009059CE /* Assets.xcassets in Resources */,
				69A6E67227BBF060009059CE /* Main.storyboard in Resources */,
			);
			runOnlyForDeploymentPostprocessing = 0;
		};
/* End PBXResourcesBuildPhase section */

/* Begin PBXSourcesBuildPhase section */
		69A6E66327BBF060009059CE /* Sources */ = {
			isa = PBXSourcesBuildPhase;
			buildActionMask = 2147483647;
			files = (
				69A6E66F27BBF060009059CE /* ViewController.swift in Sources */,
				69A6E66B27BBF060009059CE /* AppDelegate.swift in Sources */,
				69A6E68127BC64AA009059CE /* ReceiveViewController.swift in Sources */,
				69A6E67F27BBF08B009059CE /* SendViewController.swift in Sources */,
				69A6E66D27BBF060009059CE /* SceneDelegate.swift in Sources */,
			);
			runOnlyForDeploymentPostprocessing = 0;
		};
/* End PBXSourcesBuildPhase section */

/* Begin PBXVariantGroup section */
		69A6E67027BBF060009059CE /* Main.storyboard */ = {
			isa = PBXVariantGroup;
			children = (
				69A6E67127BBF060009059CE /* Base */,
			);
			name = Main.storyboard;
			sourceTree = "<group>";
		};
		69A6E67527BBF062009059CE /* LaunchScreen.storyboard */ = {
			isa = PBXVariantGroup;
			children = (
				69A6E67627BBF062009059CE /* Base */,
			);
			name = LaunchScreen.storyboard;
			sourceTree = "<group>";
		};
/* End PBXVariantGroup section */

/* Begin XCBuildConfiguration section */
		69A6E67927BBF062009059CE /* Debug */ = {
			isa = XCBuildConfiguration;
			buildSettings = {
				ALWAYS_SEARCH_USER_PATHS = NO;
				CLANG_ANALYZER_NONNULL = YES;
				CLANG_ANALYZER_NUMBER_OBJECT_CONVERSION = YES_AGGRESSIVE;
				CLANG_CXX_LANGUAGE_STANDARD = "gnu++17";
				CLANG_CXX_LIBRARY = "libc++";
				CLANG_ENABLE_MODULES = YES;
				CLANG_ENABLE_OBJC_ARC = YES;
				CLANG_ENABLE_OBJC_WEAK = YES;
				CLANG_WARN_BLOCK_CAPTURE_AUTORELEASING = YES;
				CLANG_WARN_BOOL_CONVERSION = YES;
				CLANG_WARN_COMMA = YES;
				CLANG_WARN_CONSTANT_CONVERSION = YES;
				CLANG_WARN_DEPRECATED_OBJC_IMPLEMENTATIONS = YES;
				CLANG_WARN_DIRECT_OBJC_ISA_USAGE = YES_ERROR;
				CLANG_WARN_DOCUMENTATION_COMMENTS = YES;
				CLANG_WARN_EMPTY_BODY = YES;
				CLANG_WARN_ENUM_CONVERSION = YES;
				CLANG_WARN_INFINITE_RECURSION = YES;
				CLANG_WARN_INT_CONVERSION = YES;
				CLANG_WARN_NON_LITERAL_NULL_CONVERSION = YES;
				CLANG_WARN_OBJC_IMPLICIT_RETAIN_SELF = YES;
				CLANG_WARN_OBJC_LITERAL_CONVERSION = YES;
				CLANG_WARN_OBJC_ROOT_CLASS = YES_ERROR;
				CLANG_WARN_QUOTED_INCLUDE_IN_FRAMEWORK_HEADER = YES;
				CLANG_WARN_RANGE_LOOP_ANALYSIS = YES;
				CLANG_WARN_STRICT_PROTOTYPES = YES;
				CLANG_WARN_SUSPICIOUS_MOVE = YES;
				CLANG_WARN_UNGUARDED_AVAILABILITY = YES_AGGRESSIVE;
				CLANG_WARN_UNREACHABLE_CODE = YES;
				CLANG_WARN__DUPLICATE_METHOD_MATCH = YES;
				COPY_PHASE_STRIP = NO;
				DEBUG_INFORMATION_FORMAT = dwarf;
				ENABLE_STRICT_OBJC_MSGSEND = YES;
				ENABLE_TESTABILITY = YES;
				GCC_C_LANGUAGE_STANDARD = gnu11;
				GCC_DYNAMIC_NO_PIC = NO;
				GCC_NO_COMMON_BLOCKS = YES;
				GCC_OPTIMIZATION_LEVEL = 0;
				GCC_PREPROCESSOR_DEFINITIONS = (
					"DEBUG=1",
					"$(inherited)",
				);
				GCC_WARN_64_TO_32_BIT_CONVERSION = YES;
				GCC_WARN_ABOUT_RETURN_TYPE = YES_ERROR;
				GCC_WARN_UNDECLARED_SELECTOR = YES;
				GCC_WARN_UNINITIALIZED_AUTOS = YES_AGGRESSIVE;
				GCC_WARN_UNUSED_FUNCTION = YES;
				GCC_WARN_UNUSED_VARIABLE = YES;
				IPHONEOS_DEPLOYMENT_TARGET = 15.2;
				MTL_ENABLE_DEBUG_INFO = INCLUDE_SOURCE;
				MTL_FAST_MATH = YES;
				ONLY_ACTIVE_ARCH = YES;
				SDKROOT = iphoneos;
				SWIFT_ACTIVE_COMPILATION_CONDITIONS = DEBUG;
				SWIFT_OPTIMIZATION_LEVEL = "-Onone";
			};
			name = Debug;
		};
		69A6E67A27BBF062009059CE /* Release */ = {
			isa = XCBuildConfiguration;
			buildSettings = {
				ALWAYS_SEARCH_USER_PATHS = NO;
				CLANG_ANALYZER_NONNULL = YES;
				CLANG_ANALYZER_NUMBER_OBJECT_CONVERSION = YES_AGGRESSIVE;
				CLANG_CXX_LANGUAGE_STANDARD = "gnu++17";
				CLANG_CXX_LIBRARY = "libc++";
				CLANG_ENABLE_MODULES = YES;
				CLANG_ENABLE_OBJC_ARC = YES;
				CLANG_ENABLE_OBJC_WEAK = YES;
				CLANG_WARN_BLOCK_CAPTURE_AUTORELEASING = YES;
				CLANG_WARN_BOOL_CONVERSION = YES;
				CLANG_WARN_COMMA = YES;
				CLANG_WARN_CONSTANT_CONVERSION = YES;
				CLANG_WARN_DEPRECATED_OBJC_IMPLEMENTATIONS = YES;
				CLANG_WARN_DIRECT_OBJC_ISA_USAGE = YES_ERROR;
				CLANG_WARN_DOCUMENTATION_COMMENTS = YES;
				CLANG_WARN_EMPTY_BODY = YES;
				CLANG_WARN_ENUM_CONVERSION = YES;
				CLANG_WARN_INFINITE_RECURSION = YES;
				CLANG_WARN_INT_CONVERSION = YES;
				CLANG_WARN_NON_LITERAL_NULL_CONVERSION = YES;
				CLANG_WARN_OBJC_IMPLICIT_RETAIN_SELF = YES;
				CLANG_WARN_OBJC_LITERAL_CONVERSION = YES;
				CLANG_WARN_OBJC_ROOT_CLASS = YES_ERROR;
				CLANG_WARN_QUOTED_INCLUDE_IN_FRAMEWORK_HEADER = YES;
				CLANG_WARN_RANGE_LOOP_ANALYSIS = YES;
				CLANG_WARN_STRICT_PROTOTYPES = YES;
				CLANG_WARN_SUSPICIOUS_MOVE = YES;
				CLANG_WARN_UNGUARDED_AVAILABILITY = YES_AGGRESSIVE;
				CLANG_WARN_UNREACHABLE_CODE = YES;
				CLANG_WARN__DUPLICATE_METHOD_MATCH = YES;
				COPY_PHASE_STRIP = NO;
				DEBUG_INFORMATION_FORMAT = "dwarf-with-dsym";
				ENABLE_NS_ASSERTIONS = NO;
				ENABLE_STRICT_OBJC_MSGSEND = YES;
				GCC_C_LANGUAGE_STANDARD = gnu11;
				GCC_NO_COMMON_BLOCKS = YES;
				GCC_WARN_64_TO_32_BIT_CONVERSION = YES;
				GCC_WARN_ABOUT_RETURN_TYPE = YES_ERROR;
				GCC_WARN_UNDECLARED_SELECTOR = YES;
				GCC_WARN_UNINITIALIZED_AUTOS = YES_AGGRESSIVE;
				GCC_WARN_UNUSED_FUNCTION = YES;
				GCC_WARN_UNUSED_VARIABLE = YES;
				IPHONEOS_DEPLOYMENT_TARGET = 15.2;
				MTL_ENABLE_DEBUG_INFO = NO;
				MTL_FAST_MATH = YES;
				SDKROOT = iphoneos;
				SWIFT_COMPILATION_MODE = wholemodule;
				SWIFT_OPTIMIZATION_LEVEL = "-O";
				VALIDATE_PRODUCT = YES;
			};
			name = Release;
		};
		69A6E67C27BBF062009059CE /* Debug */ = {
			isa = XCBuildConfiguration;
			buildSettings = {
				ASSETCATALOG_COMPILER_APPICON_NAME = AppIcon;
				ASSETCATALOG_COMPILER_GLOBAL_ACCENT_COLOR_NAME = AccentColor;
				CODE_SIGN_STYLE = Automatic;
				CURRENT_PROJECT_VERSION = 1.0.2;
				DEVELOPMENT_TEAM = YKSHGZ7H3T;
				GENERATE_INFOPLIST_FILE = YES;
				INFOPLIST_FILE = ipHIT/Info.plist;
				INFOPLIST_KEY_NSLocalNetworkUsageDescription = transport_motionsencerData;
				INFOPLIST_KEY_UIApplicationSupportsIndirectInputEvents = YES;
				INFOPLIST_KEY_UILaunchStoryboardName = LaunchScreen;
				INFOPLIST_KEY_UIMainStoryboardFile = Main;
				INFOPLIST_KEY_UISupportedInterfaceOrientations_iPad = "UIInterfaceOrientationPortrait UIInterfaceOrientationPortraitUpsideDown UIInterfaceOrientationLandscapeLeft UIInterfaceOrientationLandscapeRight";
				INFOPLIST_KEY_UISupportedInterfaceOrientations_iPhone = "UIInterfaceOrientationPortrait UIInterfaceOrientationLandscapeLeft UIInterfaceOrientationLandscapeRight";
				INFOPLIST_KEY_UIUserInterfaceStyle = light;
				LD_RUNPATH_SEARCH_PATHS = (
					"$(inherited)",
					"@executable_path/Frameworks",
				);
				MARKETING_VERSION = 1.0;
				PRODUCT_BUNDLE_IDENTIFIER = com.kuroda33.ipHIT;
				PRODUCT_NAME = "$(TARGET_NAME)";
				SWIFT_EMIT_LOC_STRINGS = YES;
				SWIFT_VERSION = 5.0;
				TARGETED_DEVICE_FAMILY = "1,2";
			};
			name = Debug;
		};
		69A6E67D27BBF062009059CE /* Release */ = {
			isa = XCBuildConfiguration;
			buildSettings = {
				ASSETCATALOG_COMPILER_APPICON_NAME = AppIcon;
				ASSETCATALOG_COMPILER_GLOBAL_ACCENT_COLOR_NAME = AccentColor;
				CODE_SIGN_STYLE = Automatic;
				CURRENT_PROJECT_VERSION = 1.0.2;
				DEVELOPMENT_TEAM = YKSHGZ7H3T;
				GENERATE_INFOPLIST_FILE = YES;
				INFOPLIST_FILE = ipHIT/Info.plist;
				INFOPLIST_KEY_NSLocalNetworkUsageDescription = transport_motionsencerData;
				INFOPLIST_KEY_UIApplicationSupportsIndirectInputEvents = YES;
				INFOPLIST_KEY_UILaunchStoryboardName = LaunchScreen;
				INFOPLIST_KEY_UIMainStoryboardFile = Main;
				INFOPLIST_KEY_UISupportedInterfaceOrientations_iPad = "UIInterfaceOrientationPortrait UIInterfaceOrientationPortraitUpsideDown UIInterfaceOrientationLandscapeLeft UIInterfaceOrientationLandscapeRight";
				INFOPLIST_KEY_UISupportedInterfaceOrientations_iPhone = "UIInterfaceOrientationPortrait UIInterfaceOrientationLandscapeLeft UIInterfaceOrientationLandscapeRight";
				INFOPLIST_KEY_UIUserInterfaceStyle = light;
				LD_RUNPATH_SEARCH_PATHS = (
					"$(inherited)",
					"@executable_path/Frameworks",
				);
				MARKETING_VERSION = 1.0;
				PRODUCT_BUNDLE_IDENTIFIER = com.kuroda33.ipHIT;
				PRODUCT_NAME = "$(TARGET_NAME)";
				SWIFT_EMIT_LOC_STRINGS = YES;
				SWIFT_VERSION = 5.0;
				TARGETED_DEVICE_FAMILY = "1,2";
			};
			name = Release;
		};
/* End XCBuildConfiguration section */

/* Begin XCConfigurationList section */
		69A6E66227BBF060009059CE /* Build configuration list for PBXProject "ipHIT" */ = {
			isa = XCConfigurationList;
			buildConfigurations = (
				69A6E67927BBF062009059CE /* Debug */,
				69A6E67A27BBF062009059CE /* Release */,
			);
			defaultConfigurationIsVisible = 0;
			defaultConfigurationName = Release;
		};
		69A6E67B27BBF062009059CE /* Build configuration list for PBXNativeTarget "ipHIT" */ = {
			isa = XCConfigurationList;
			buildConfigurations = (
				69A6E67C27BBF062009059CE /* Debug */,
				69A6E67D27BBF062009059CE /* Release */,
			);
			defaultConfigurationIsVisible = 0;
			defaultConfigurationName = Release;
		};
/* End XCConfigurationList section */
	};
	rootObject = 69A6E65F27BBF060009059CE /* Project object */;
}
